
Microsoft Visual Studio Solution File, Format Version 12.00
# Visual Studio Version 16
VisualStudioVersion = 16.0.31515.178
MinimumVisualStudioVersion = 10.0.40219.1
Project("{FAE04EC0-301F-11D3-BF4B-00C04F79EFBC}") = "Employees_Management", "Employees_Management\Employees_Management.csproj", "{D3E3C47A-8A06-4AEA-97C5-AFE6E8AA36D2}"
EndProject
Global
	GlobalSection(SolutionConfigurationPlatforms) = preSolution
		Debug|Any CPU = Debug|Any CPU
		Release|Any CPU = Release|Any CPU
	EndGlobalSection
	GlobalSection(ProjectConfigurationPlatforms) = postSolution
		{D3E3C47A-8A06-4AEA-97C5-AFE6E8AA36D2}.Debug|Any CPU.ActiveCfg = Debug|Any CPU
		{D3E3C47A-8A06-4AEA-97C5-AFE6E8AA36D2}.Debug|Any CPU.Build.0 = Debug|Any CPU
		{D3E3C47A-8A06-4AEA-97C5-AFE6E8AA36D2}.Release|Any CPU.ActiveCfg = Release|Any CPU
		{D3E3C47A-8A06-4AEA-97C5-AFE6E8AA36D2}.Release|Any CPU.Build.0 = Release|Any CPU
	EndGlobalSection
	GlobalSection(SolutionProperties) = preSolution
		HideSolutionNode = FALSE
	EndGlobalSection
	GlobalSection(ExtensibilityGlobals) = postSolution
		SolutionGuid = {ED54CB72-11D8-4F56-9048-1D2C880745DC}
	EndGlobalSection
EndGlobal
